{
  "version": 4,
  "terraform_version": "1.3.9",
  "serial": 20,
  "lineage": "b2483bf6-0416-91fb-5368-02f1f10b1341",
  "outputs": {
    "latest_ami_id": {
      "value": "ami-0a6c5ff69ac6257e3",
      "type": "string"
    }
  },
  "resources": [
    {
      "mode": "data",
      "type": "aws_ami",
      "name": "ubuntu",
      "provider": "provider[\"registry.terraform.io/hashicorp/aws\"]",
      "instances": [
        {
          "schema_version": 0,
          "attributes": {
            "architecture": "x86_64",
            "arn": "arn:aws:ec2:ap-northeast-2::image/ami-0a6c5ff69ac6257e3",
            "block_device_mappings": [
              {
                "device_name": "/dev/sda1",
                "ebs": {
                  "delete_on_termination": "true",
                  "encrypted": "false",
                  "iops": "0",
                  "snapshot_id": "snap-04db7cb270d79124f",
                  "throughput": "0",
                  "volume_size": "8",
                  "volume_type": "gp2"
                },
                "no_device": "",
                "virtual_name": ""
              },
              {
                "device_name": "/dev/sdb",
                "ebs": {},
                "no_device": "",
                "virtual_name": "ephemeral0"
              },
              {
                "device_name": "/dev/sdc",
                "ebs": {},
                "no_device": "",
                "virtual_name": "ephemeral1"
              }
            ],
            "boot_mode": "",
            "creation_date": "2023-03-03T04:03:23.849Z",
            "deprecation_time": "2025-03-03T04:03:23.849Z",
            "description": "Canonical, Ubuntu, 22.04 LTS, amd64 jammy image build on 2023-03-03",
            "ena_support": true,
            "executable_users": null,
            "filter": [
              {
                "name": "name",
                "values": [
                  "ubuntu/images/hvm-ssd/ubuntu-*-22.04-amd64-server-*"
                ]
              },
              {
                "name": "owner-alias",
                "values": [
                  "aws-marketplace"
                ]
              }
            ],
            "hypervisor": "xen",
            "id": "ami-0a6c5ff69ac6257e3",
            "image_id": "ami-0a6c5ff69ac6257e3",
            "image_location": "aws-marketplace/ubuntu/images/hvm-ssd/ubuntu-jammy-22.04-amd64-server-20230303-47489723-7305-4e22-8b22-b0d57054f216",
            "image_owner_alias": "aws-marketplace",
            "image_type": "machine",
            "imds_support": "",
            "include_deprecated": false,
            "kernel_id": "",
            "most_recent": true,
            "name": "ubuntu/images/hvm-ssd/ubuntu-jammy-22.04-amd64-server-20230303-47489723-7305-4e22-8b22-b0d57054f216",
            "name_regex": null,
            "owner_id": "679593333241",
            "owners": null,
            "platform": "",
            "platform_details": "Linux/UNIX",
            "product_codes": [
              {
                "product_code_id": "47xbqns9xujfkkjt189a13aqe",
                "product_code_type": "marketplace"
              }
            ],
            "public": true,
            "ramdisk_id": "",
            "root_device_name": "/dev/sda1",
            "root_device_type": "ebs",
            "root_snapshot_id": "snap-04db7cb270d79124f",
            "sriov_net_support": "simple",
            "state": "available",
            "state_reason": {
              "code": "UNSET",
              "message": "UNSET"
            },
            "tags": {},
            "timeouts": null,
            "tpm_support": "",
            "usage_operation": "RunInstances",
            "virtualization_type": "hvm"
          },
          "sensitive_attributes": []
        }
      ]
    },
    {
      "mode": "managed",
      "type": "aws_autoscaling_group",
      "name": "jaehan-asg",
      "provider": "provider[\"registry.terraform.io/hashicorp/aws\"]",
      "instances": [
        {
          "status": "tainted",
          "schema_version": 0,
          "attributes": {
            "arn": null,
            "availability_zones": [
              "ap-northeast-2a",
              "ap-northeast-2c"
            ],
            "capacity_rebalance": null,
            "context": null,
            "default_cooldown": null,
            "default_instance_warmup": null,
            "desired_capacity": null,
            "desired_capacity_type": null,
            "enabled_metrics": null,
            "force_delete": false,
            "force_delete_warm_pool": false,
            "health_check_grace_period": 300,
            "health_check_type": null,
            "id": "terraform-20230318124336467300000001",
            "initial_lifecycle_hook": [],
            "instance_refresh": [],
            "launch_configuration": "terraform-20230318115450398400000001",
            "launch_template": [],
            "load_balancers": null,
            "max_instance_lifetime": null,
            "max_size": 5,
            "metrics_granularity": "1Minute",
            "min_elb_capacity": null,
            "min_size": 2,
            "mixed_instances_policy": [],
            "name": null,
            "name_prefix": null,
            "placement_group": null,
            "protect_from_scale_in": false,
            "service_linked_role_arn": null,
            "suspended_processes": null,
            "tag": [
              {
                "key": "name",
                "propagate_at_launch": true,
                "value": "terraform-jaehan-asg"
              }
            ],
            "tags": null,
            "target_group_arns": null,
            "termination_policies": null,
            "timeouts": null,
            "vpc_zone_identifier": [],
            "wait_for_capacity_timeout": "10m",
            "wait_for_elb_capacity": null,
            "warm_pool": []
          },
          "sensitive_attributes": [],
          "private": "eyJlMmJmYjczMC1lY2FhLTExZTYtOGY4OC0zNDM2M2JjN2M0YzAiOnsiZGVsZXRlIjo2MDAwMDAwMDAwMDAsInVwZGF0ZSI6NjAwMDAwMDAwMDAwfX0=",
          "dependencies": [
            "aws_launch_configuration.jaehan-launconfig"
          ]
        }
      ]
    },
    {
      "mode": "managed",
      "type": "aws_launch_configuration",
      "name": "jaehan-launconfig",
      "provider": "provider[\"registry.terraform.io/hashicorp/aws\"]",
      "instances": [
        {
          "schema_version": 0,
          "attributes": {
            "arn": "arn:aws:autoscaling:ap-northeast-2:730904690368:launchConfiguration:989a8ece-26f0-45ae-a3e3-76a76b7232a3:launchConfigurationName/terraform-20230318115450398400000001",
            "associate_public_ip_address": false,
            "ebs_block_device": [],
            "ebs_optimized": false,
            "enable_monitoring": true,
            "ephemeral_block_device": [],
            "iam_instance_profile": "",
            "id": "terraform-20230318115450398400000001",
            "image_id": "ami-0a6c5ff69ac6257e3",
            "instance_type": "t2.micro",
            "key_name": "",
            "metadata_options": [],
            "name": "terraform-20230318115450398400000001",
            "name_prefix": "terraform-",
            "placement_tenancy": "",
            "root_block_device": [],
            "security_groups": [
              "sg-0a1965af7d2e6916d"
            ],
            "spot_price": "",
            "user_data": "357b52c5e20bb3c63d8f9c95864b9cd120132e1f",
            "user_data_base64": null,
            "vpc_classic_link_id": "",
            "vpc_classic_link_security_groups": []
          },
          "sensitive_attributes": [],
          "private": "bnVsbA==",
          "dependencies": [
            "aws_security_group.jaehan-sg",
            "data.aws_ami.ubuntu"
          ],
          "create_before_destroy": true
        }
      ]
    },
    {
      "mode": "managed",
      "type": "aws_security_group",
      "name": "jaehan-sg",
      "provider": "provider[\"registry.terraform.io/hashicorp/aws\"]",
      "instances": [
        {
          "schema_version": 1,
          "attributes": {
            "arn": "arn:aws:ec2:ap-northeast-2:730904690368:security-group/sg-0a1965af7d2e6916d",
            "description": "Managed by Terraform",
            "egress": [],
            "id": "sg-0a1965af7d2e6916d",
            "ingress": [
              {
                "cidr_blocks": [
                  "0.0.0.0/0"
                ],
                "description": "",
                "from_port": 8080,
                "ipv6_cidr_blocks": [],
                "prefix_list_ids": [],
                "protocol": "tcp",
                "security_groups": [],
                "self": false,
                "to_port": 8080
              }
            ],
            "name": "jaehan-sg",
            "name_prefix": "",
            "owner_id": "730904690368",
            "revoke_rules_on_delete": false,
            "tags": {},
            "tags_all": {},
            "timeouts": null,
            "vpc_id": "vpc-0f608da80e8525d9a"
          },
          "sensitive_attributes": [],
          "private": "eyJlMmJmYjczMC1lY2FhLTExZTYtOGY4OC0zNDM2M2JjN2M0YzAiOnsiY3JlYXRlIjo2MDAwMDAwMDAwMDAsImRlbGV0ZSI6OTAwMDAwMDAwMDAwfSwic2NoZW1hX3ZlcnNpb24iOiIxIn0=",
          "create_before_destroy": true
        }
      ]
    }
  ],
  "check_results": null
}
